<?xml version="1.0" encoding="utf-8"?>
<Project ToolsVersion="4.0" xmlns="http://schemas.microsoft.com/developer/msbuild/2003">
  <ItemGroup>
    <Filter Include="Source Files">
      <UniqueIdentifier>{4FC737F1-C7A5-4376-A066-2A32D752A2FF}</UniqueIdentifier>
      <Extensions>cpp;c;cc;cxx;c++;cppm;ixx;def;odl;idl;hpj;bat;asm;asmx</Extensions>
    </Filter>
    <Filter Include="Header Files">
      <UniqueIdentifier>{93995380-89BD-4b04-88EB-625FBE52EBFB}</UniqueIdentifier>
      <Extensions>h;hh;hpp;hxx;h++;hm;inl;inc;ipp;xsd</Extensions>
    </Filter>
    <Filter Include="Resource Files">
      <UniqueIdentifier>{67DA6AB6-F800-4c08-8B7A-83BB121AAD01}</UniqueIdentifier>
      <Extensions>rc;ico;cur;bmp;dlg;rc2;rct;bin;rgs;gif;jpg;jpeg;jpe;resx;tiff;tif;png;wav;mfcribbon-ms</Extensions>
    </Filter>
    <Filter Include="Resource Files\MainMenu">
      <UniqueIdentifier>{4bfe82d6-bdf3-4784-9368-11271884fbf2}</UniqueIdentifier>
    </Filter>
    <Filter Include="Source Files\Levels">
      <UniqueIdentifier>{1069f102-61d2-4e2e-b81c-45fffc503d54}</UniqueIdentifier>
    </Filter>
    <Filter Include="Source Files\GameLogic">
      <UniqueIdentifier>{7a987c37-9724-492e-8e57-eb16da1f2384}</UniqueIdentifier>
    </Filter>
    <Filter Include="Source Files\Levels\Level_One">
      <UniqueIdentifier>{de29a3d7-9a6f-4c56-861e-51ad375fe4bd}</UniqueIdentifier>
    </Filter>
    <Filter Include="Source Files\Levels\LevelMenu">
      <UniqueIdentifier>{4bc5376a-08b9-4a3f-a442-2043715898f4}</UniqueIdentifier>
    </Filter>
    <Filter Include="Source Files\Levels\MainMenu">
      <UniqueIdentifier>{aefee4cb-8155-4118-a493-efda25d379b6}</UniqueIdentifier>
    </Filter>
    <Filter Include="Source Files\Main">
      <UniqueIdentifier>{68d6e72e-cb91-4eeb-97db-c6d24419dbc3}</UniqueIdentifier>
    </Filter>
    <Filter Include="Source Files\GameLogic\Character">
      <UniqueIdentifier>{007eeb72-f8b2-48d8-a11d-b31d6e733abd}</UniqueIdentifier>
    </Filter>
    <Filter Include="Resource Files\CharacterA_Animation">
      <UniqueIdentifier>{e4c5fdf5-df71-496a-aed8-2673bd1e8093}</UniqueIdentifier>
    </Filter>
    <Filter Include="Resource Files\CharacterB_Animation">
      <UniqueIdentifier>{53927f45-8d10-42b7-8906-01f612c21848}</UniqueIdentifier>
    </Filter>
  </ItemGroup>
  <ItemGroup>
    <ClCompile Include="Sources\EventHandler.cpp">
      <Filter>Source Files\GameLogic</Filter>
    </ClCompile>
    <ClCompile Include="Sources\Renderer.cpp">
      <Filter>Source Files\GameLogic</Filter>
    </ClCompile>
    <ClCompile Include="Sources\ResourceManager.cpp">
      <Filter>Source Files\GameLogic</Filter>
    </ClCompile>
    <ClCompile Include="Sources\Networking.cpp">
      <Filter>Source Files\GameLogic</Filter>
    </ClCompile>
    <ClCompile Include="Sources\Level_OneEvents.cpp">
      <Filter>Source Files\Levels\Level_One</Filter>
    </ClCompile>
    <ClCompile Include="Sources\Level_One.cpp">
      <Filter>Source Files\Levels\Level_One</Filter>
    </ClCompile>
    <ClCompile Include="Sources\LevelMenuEvents.cpp">
      <Filter>Source Files\Levels\LevelMenu</Filter>
    </ClCompile>
    <ClCompile Include="Sources\LevelMenu.cpp">
      <Filter>Source Files\Levels\LevelMenu</Filter>
    </ClCompile>
    <ClCompile Include="Sources\MainMenuEvents.cpp">
      <Filter>Source Files\Levels\MainMenu</Filter>
    </ClCompile>
    <ClCompile Include="Sources\MainMenu.cpp">
      <Filter>Source Files\Levels\MainMenu</Filter>
    </ClCompile>
    <ClCompile Include="Sources\Main.cpp">
      <Filter>Source Files\Main</Filter>
    </ClCompile>
    <ClCompile Include="Sources\Character_A_Animation.cpp">
      <Filter>Source Files\GameLogic\Character</Filter>
    </ClCompile>
    <ClCompile Include="Sources\Character_B_Animation.cpp">
      <Filter>Source Files\GameLogic\Character</Filter>
    </ClCompile>
    <ClCompile Include="Sources\UpdateAnimation.cpp">
      <Filter>Source Files\GameLogic</Filter>
    </ClCompile>
    <ClCompile Include="Sources\Character.cpp">
      <Filter>Source Files\GameLogic\Character</Filter>
    </ClCompile>
  </ItemGroup>
  <ItemGroup>
    <ClInclude Include="Sources\Main.h">
      <Filter>Header Files</Filter>
    </ClInclude>
    <ClInclude Include="Sources\Character.h">
      <Filter>Header Files</Filter>
    </ClInclude>
  </ItemGroup>
  <ItemGroup>
    <Image Include="Resources\background.png">
      <Filter>Resource Files\MainMenu</Filter>
    </Image>
    <Image Include="Resources\cursor.png">
      <Filter>Resource Files\MainMenu</Filter>
    </Image>
    <Image Include="Resources\background_Blur.png">
      <Filter>Resource Files\MainMenu</Filter>
    </Image>
    <Image Include="Resources\characterSelectBox.png">
      <Filter>Resource Files\MainMenu</Filter>
    </Image>
    <Image Include="Resources\characterSelectBoxActive.png">
      <Filter>Resource Files\MainMenu</Filter>
    </Image>
    <Image Include="Resources\CharacterA_Temp.png">
      <Filter>Resource Files\CharacterA_Animation</Filter>
    </Image>
    <Image Include="Resources\CharacterB_Temp.png">
      <Filter>Resource Files\CharacterB_Animation</Filter>
    </Image>
  </ItemGroup>
  <ItemGroup>
    <Font Include="Resources\Pacifico.ttf">
      <Filter>Resource Files\MainMenu</Filter>
    </Font>
    <Font Include="Resources\KGHAPPY.ttf">
      <Filter>Resource Files\MainMenu</Filter>
    </Font>
  </ItemGroup>
</Project>